
SPEC CHECKSUMS: 
  Parse: 4e937cf1035404787d71f611ef464097d3a034bf
  SDWebImage: 9e70e5dd0c69d1a043180cd2c5e1d0cd1e4ebcd7
  TestFlightSDK: aeec97fd81096753d53b942f030a443520a087f4
  SDWebImage/Main: 9e70e5dd0c69d1a043180cd2c5e1d0cd1e4ebcd7
  PKRevealController: e26859815a0bfd5c0289e5cd5bd932ec97a289e3

DEPENDENCIES: 
- PKRevealController (~> 1.0b2)
- Parse (~> 1.1.32)
- SDWebImage (~> 3.0)
- TestFlightSDK (~> 1.2.4.beta)

PODS: 
- PKRevealController (1.0b2)
- Parse (1.1.32)
- SDWebImage (3.1): 
  - SDWebImage/Main (= 3.1)
- SDWebImage/Main (3.1)
- TestFlightSDK (1.2.4.beta)

COCOAPODS: 0.16.0
