
SPEC CHECKSUMS: 
  Parse: 4e937cf1035404787d71f611ef464097d3a034bf
  SDWebImage/Main: 9e70e5dd0c69d1a043180cd2c5e1d0cd1e4ebcd7
  SDWebImage: 9e70e5dd0c69d1a043180cd2c5e1d0cd1e4ebcd7

PODS: 
- Parse (1.1.32)
- SDWebImage (3.1): 
  - SDWebImage/Main (= 3.1)
- SDWebImage/Main (3.1)

COCOAPODS: 0.16.0

DEPENDENCIES: 
- Parse (~> 1.1.32)
- SDWebImage (~> 3.0)
