<?xml version="1.0" encoding="UTF-8"?>
<!DOCTYPE plist PUBLIC "-//Apple//DTD PLIST 1.0//EN" "http://www.apple.com/DTDs/PropertyList-1.0.dtd">
<plist version="1.0">
<dict>
	<key>archiveVersion</key>
	<string>1</string>
	<key>classes</key>
	<dict/>
	<key>objectVersion</key>
	<string>46</string>
	<key>objects</key>
	<dict>
		<key>0ECC9A4D71EA46ACA93120BD</key>
		<dict>
			<key>fileRef</key>
			<string>E8AA7411762042C29580356A</string>
			<key>isa</key>
			<string>PBXBuildFile</string>
			<key>settings</key>
			<dict/>
		</dict>
		<key>4B9C7B4816E432E200580630</key>
		<dict>
			<key>children</key>
			<array>
				<string>4B9C7B5A16E432E200580630</string>
				<string>4B9C7B7E16E432E200580630</string>
				<string>4B9C7B5316E432E200580630</string>
				<string>4B9C7B5216E432E200580630</string>
				<string>D74E425A6D314C369B181BAD</string>
			</array>
			<key>isa</key>
			<string>PBXGroup</string>
			<key>sourceTree</key>
			<string>&lt;group&gt;</string>
		</dict>
		<key>4B9C7B4916E432E200580630</key>
		<dict>
			<key>attributes</key>
			<dict>
				<key>CLASSPREFIX</key>
				<string>TS</string>
				<key>LastUpgradeCheck</key>
				<string>0460</string>
				<key>ORGANIZATIONNAME</key>
				<string>Tim Shi</string>
			</dict>
			<key>buildConfigurationList</key>
			<string>4B9C7B4C16E432E200580630</string>
			<key>compatibilityVersion</key>
			<string>Xcode 3.2</string>
			<key>developmentRegion</key>
			<string>English</string>
			<key>hasScannedForEncodings</key>
			<string>0</string>
			<key>isa</key>
			<string>PBXProject</string>
			<key>knownRegions</key>
			<array>
				<string>en</string>
			</array>
			<key>mainGroup</key>
			<string>4B9C7B4816E432E200580630</string>
			<key>productRefGroup</key>
			<string>4B9C7B5216E432E200580630</string>
			<key>projectDirPath</key>
			<string></string>
			<key>projectReferences</key>
			<array/>
			<key>projectRoot</key>
			<string></string>
			<key>targets</key>
			<array>
				<string>4B9C7B5016E432E200580630</string>
				<string>4B9C7B7616E432E200580630</string>
			</array>
		</dict>
		<key>4B9C7B4C16E432E200580630</key>
		<dict>
			<key>buildConfigurations</key>
			<array>
				<string>4B9C7B8716E432E200580630</string>
				<string>4B9C7B8816E432E200580630</string>
			</array>
			<key>defaultConfigurationIsVisible</key>
			<string>0</string>
			<key>defaultConfigurationName</key>
			<string>Release</string>
			<key>isa</key>
			<string>XCConfigurationList</string>
		</dict>
		<key>4B9C7B4D16E432E200580630</key>
		<dict>
			<key>buildActionMask</key>
			<string>2147483647</string>
			<key>files</key>
			<array>
				<string>4B9C7B6116E432E200580630</string>
				<string>4B9C7B6516E432E200580630</string>
				<string>4B9C7B7116E432E200580630</string>
			</array>
			<key>isa</key>
			<string>PBXSourcesBuildPhase</string>
			<key>runOnlyForDeploymentPostprocessing</key>
			<string>0</string>
		</dict>
		<key>4B9C7B4E16E432E200580630</key>
		<dict>
			<key>buildActionMask</key>
			<string>2147483647</string>
			<key>files</key>
			<array>
				<string>4B9C7B5516E432E200580630</string>
				<string>4B9C7B5716E432E200580630</string>
				<string>4B9C7B5916E432E200580630</string>
				<string>0ECC9A4D71EA46ACA93120BD</string>
			</array>
			<key>isa</key>
			<string>PBXFrameworksBuildPhase</string>
			<key>runOnlyForDeploymentPostprocessing</key>
			<string>0</string>
		</dict>
		<key>4B9C7B4F16E432E200580630</key>
		<dict>
			<key>buildActionMask</key>
			<string>2147483647</string>
			<key>files</key>
			<array>
				<string>4B9C7B5F16E432E200580630</string>
				<string>4B9C7B6716E432E200580630</string>
				<string>4B9C7B6916E432E200580630</string>
				<string>4B9C7B6B16E432E200580630</string>
				<string>4B9C7B6E16E432E200580630</string>
			</array>
			<key>isa</key>
			<string>PBXResourcesBuildPhase</string>
			<key>runOnlyForDeploymentPostprocessing</key>
			<string>0</string>
		</dict>
		<key>4B9C7B5016E432E200580630</key>
		<dict>
			<key>buildConfigurationList</key>
			<string>4B9C7B8916E432E200580630</string>
			<key>buildPhases</key>
			<array>
				<string>4B9C7B4D16E432E200580630</string>
				<string>4B9C7B4E16E432E200580630</string>
				<string>4B9C7B4F16E432E200580630</string>
				<string>774D5ACE0306427C84BF73DF</string>
			</array>
			<key>buildRules</key>
			<array/>
			<key>dependencies</key>
			<array/>
			<key>isa</key>
			<string>PBXNativeTarget</string>
			<key>name</key>
			<string>CookingCoOp</string>
			<key>productName</key>
			<string>CookingCoOp</string>
			<key>productReference</key>
			<string>4B9C7B5116E432E200580630</string>
			<key>productType</key>
			<string>com.apple.product-type.application</string>
		</dict>
		<key>4B9C7B5116E432E200580630</key>
		<dict>
			<key>explicitFileType</key>
			<string>wrapper.application</string>
			<key>includeInIndex</key>
			<string>0</string>
			<key>isa</key>
			<string>PBXFileReference</string>
			<key>path</key>
			<string>CookingCoOp.app</string>
			<key>sourceTree</key>
			<string>BUILT_PRODUCTS_DIR</string>
		</dict>
		<key>4B9C7B5216E432E200580630</key>
		<dict>
			<key>children</key>
			<array>
				<string>4B9C7B5116E432E200580630</string>
				<string>4B9C7B7716E432E200580630</string>
			</array>
			<key>isa</key>
			<string>PBXGroup</string>
			<key>name</key>
			<string>Products</string>
			<key>sourceTree</key>
			<string>&lt;group&gt;</string>
		</dict>
		<key>4B9C7B5316E432E200580630</key>
		<dict>
			<key>children</key>
			<array>
				<string>4B9C7B5416E432E200580630</string>
				<string>4B9C7B5616E432E200580630</string>
				<string>4B9C7B5816E432E200580630</string>
				<string>4B9C7B7816E432E200580630</string>
				<string>E8AA7411762042C29580356A</string>
			</array>
			<key>isa</key>
			<string>PBXGroup</string>
			<key>name</key>
			<string>Frameworks</string>
			<key>sourceTree</key>
			<string>&lt;group&gt;</string>
		</dict>
		<key>4B9C7B5416E432E200580630</key>
		<dict>
			<key>isa</key>
			<string>PBXFileReference</string>
			<key>lastKnownFileType</key>
			<string>wrapper.framework</string>
			<key>name</key>
			<string>UIKit.framework</string>
			<key>path</key>
			<string>System/Library/Frameworks/UIKit.framework</string>
			<key>sourceTree</key>
			<string>SDKROOT</string>
		</dict>
		<key>4B9C7B5516E432E200580630</key>
		<dict>
			<key>fileRef</key>
			<string>4B9C7B5416E432E200580630</string>
			<key>isa</key>
			<string>PBXBuildFile</string>
		</dict>
		<key>4B9C7B5616E432E200580630</key>
		<dict>
			<key>isa</key>
			<string>PBXFileReference</string>
			<key>lastKnownFileType</key>
			<string>wrapper.framework</string>
			<key>name</key>
			<string>Foundation.framework</string>
			<key>path</key>
			<string>System/Library/Frameworks/Foundation.framework</string>
			<key>sourceTree</key>
			<string>SDKROOT</string>
		</dict>
		<key>4B9C7B5716E432E200580630</key>
		<dict>
			<key>fileRef</key>
			<string>4B9C7B5616E432E200580630</string>
			<key>isa</key>
			<string>PBXBuildFile</string>
		</dict>
		<key>4B9C7B5816E432E200580630</key>
		<dict>
			<key>isa</key>
			<string>PBXFileReference</string>
			<key>lastKnownFileType</key>
			<string>wrapper.framework</string>
			<key>name</key>
			<string>CoreGraphics.framework</string>
			<key>path</key>
			<string>System/Library/Frameworks/CoreGraphics.framework</string>
			<key>sourceTree</key>
			<string>SDKROOT</string>
		</dict>
		<key>4B9C7B5916E432E200580630</key>
		<dict>
			<key>fileRef</key>
			<string>4B9C7B5816E432E200580630</string>
			<key>isa</key>
			<string>PBXBuildFile</string>
		</dict>
		<key>4B9C7B5A16E432E200580630</key>
		<dict>
			<key>children</key>
			<array>
				<string>4B9C7B6316E432E200580630</string>
				<string>4B9C7B6416E432E200580630</string>
				<string>4B9C7B6C16E432E200580630</string>
				<string>4B9C7B6F16E432E200580630</string>
				<string>4B9C7B7016E432E200580630</string>
				<string>4B9C7B5B16E432E200580630</string>
			</array>
			<key>isa</key>
			<string>PBXGroup</string>
			<key>path</key>
			<string>CookingCoOp</string>
			<key>sourceTree</key>
			<string>&lt;group&gt;</string>
		</dict>
		<key>4B9C7B5B16E432E200580630</key>
		<dict>
			<key>children</key>
			<array>
				<string>4B9C7B5C16E432E200580630</string>
				<string>4B9C7B5D16E432E200580630</string>
				<string>4B9C7B6016E432E200580630</string>
				<string>4B9C7B6216E432E200580630</string>
				<string>4B9C7B6616E432E200580630</string>
				<string>4B9C7B6816E432E200580630</string>
				<string>4B9C7B6A16E432E200580630</string>
			</array>
			<key>isa</key>
			<string>PBXGroup</string>
			<key>name</key>
			<string>Supporting Files</string>
			<key>sourceTree</key>
			<string>&lt;group&gt;</string>
		</dict>
		<key>4B9C7B5C16E432E200580630</key>
		<dict>
			<key>isa</key>
			<string>PBXFileReference</string>
			<key>lastKnownFileType</key>
			<string>text.plist.xml</string>
			<key>path</key>
			<string>CookingCoOp-Info.plist</string>
			<key>sourceTree</key>
			<string>&lt;group&gt;</string>
		</dict>
		<key>4B9C7B5D16E432E200580630</key>
		<dict>
			<key>children</key>
			<array>
				<string>4B9C7B5E16E432E200580630</string>
			</array>
			<key>isa</key>
			<string>PBXVariantGroup</string>
			<key>name</key>
			<string>InfoPlist.strings</string>
			<key>sourceTree</key>
			<string>&lt;group&gt;</string>
		</dict>
		<key>4B9C7B5E16E432E200580630</key>
		<dict>
			<key>isa</key>
			<string>PBXFileReference</string>
			<key>lastKnownFileType</key>
			<string>text.plist.strings</string>
			<key>name</key>
			<string>en</string>
			<key>path</key>
			<string>en.lproj/InfoPlist.strings</string>
			<key>sourceTree</key>
			<string>&lt;group&gt;</string>
		</dict>
		<key>4B9C7B5F16E432E200580630</key>
		<dict>
			<key>fileRef</key>
			<string>4B9C7B5D16E432E200580630</string>
			<key>isa</key>
			<string>PBXBuildFile</string>
		</dict>
		<key>4B9C7B6016E432E200580630</key>
		<dict>
			<key>isa</key>
			<string>PBXFileReference</string>
			<key>lastKnownFileType</key>
			<string>sourcecode.c.objc</string>
			<key>path</key>
			<string>main.m</string>
			<key>sourceTree</key>
			<string>&lt;group&gt;</string>
		</dict>
		<key>4B9C7B6116E432E200580630</key>
		<dict>
			<key>fileRef</key>
			<string>4B9C7B6016E432E200580630</string>
			<key>isa</key>
			<string>PBXBuildFile</string>
		</dict>
		<key>4B9C7B6216E432E200580630</key>
		<dict>
			<key>isa</key>
			<string>PBXFileReference</string>
			<key>lastKnownFileType</key>
			<string>sourcecode.c.h</string>
			<key>path</key>
			<string>CookingCoOp-Prefix.pch</string>
			<key>sourceTree</key>
			<string>&lt;group&gt;</string>
		</dict>
		<key>4B9C7B6316E432E200580630</key>
		<dict>
			<key>isa</key>
			<string>PBXFileReference</string>
			<key>lastKnownFileType</key>
			<string>sourcecode.c.h</string>
			<key>path</key>
			<string>TSAppDelegate.h</string>
			<key>sourceTree</key>
			<string>&lt;group&gt;</string>
		</dict>
		<key>4B9C7B6416E432E200580630</key>
		<dict>
			<key>isa</key>
			<string>PBXFileReference</string>
			<key>lastKnownFileType</key>
			<string>sourcecode.c.objc</string>
			<key>path</key>
			<string>TSAppDelegate.m</string>
			<key>sourceTree</key>
			<string>&lt;group&gt;</string>
		</dict>
		<key>4B9C7B6516E432E200580630</key>
		<dict>
			<key>fileRef</key>
			<string>4B9C7B6416E432E200580630</string>
			<key>isa</key>
			<string>PBXBuildFile</string>
		</dict>
		<key>4B9C7B6616E432E200580630</key>
		<dict>
			<key>isa</key>
			<string>PBXFileReference</string>
			<key>lastKnownFileType</key>
			<string>image.png</string>
			<key>path</key>
			<string>Default.png</string>
			<key>sourceTree</key>
			<string>&lt;group&gt;</string>
		</dict>
		<key>4B9C7B6716E432E200580630</key>
		<dict>
			<key>fileRef</key>
			<string>4B9C7B6616E432E200580630</string>
			<key>isa</key>
			<string>PBXBuildFile</string>
		</dict>
		<key>4B9C7B6816E432E200580630</key>
		<dict>
			<key>isa</key>
			<string>PBXFileReference</string>
			<key>lastKnownFileType</key>
			<string>image.png</string>
			<key>path</key>
			<string>Default@2x.png</string>
			<key>sourceTree</key>
			<string>&lt;group&gt;</string>
		</dict>
		<key>4B9C7B6916E432E200580630</key>
		<dict>
			<key>fileRef</key>
			<string>4B9C7B6816E432E200580630</string>
			<key>isa</key>
			<string>PBXBuildFile</string>
		</dict>
		<key>4B9C7B6A16E432E200580630</key>
		<dict>
			<key>isa</key>
			<string>PBXFileReference</string>
			<key>lastKnownFileType</key>
			<string>image.png</string>
			<key>path</key>
			<string>Default-568h@2x.png</string>
			<key>sourceTree</key>
			<string>&lt;group&gt;</string>
		</dict>
		<key>4B9C7B6B16E432E200580630</key>
		<dict>
			<key>fileRef</key>
			<string>4B9C7B6A16E432E200580630</string>
			<key>isa</key>
			<string>PBXBuildFile</string>
		</dict>
		<key>4B9C7B6C16E432E200580630</key>
		<dict>
			<key>children</key>
			<array>
				<string>4B9C7B6D16E432E200580630</string>
			</array>
			<key>isa</key>
			<string>PBXVariantGroup</string>
			<key>name</key>
			<string>MainStoryboard.storyboard</string>
			<key>sourceTree</key>
			<string>&lt;group&gt;</string>
		</dict>
		<key>4B9C7B6D16E432E200580630</key>
		<dict>
			<key>isa</key>
			<string>PBXFileReference</string>
			<key>lastKnownFileType</key>
			<string>file.storyboard</string>
			<key>name</key>
			<string>en</string>
			<key>path</key>
			<string>en.lproj/MainStoryboard.storyboard</string>
			<key>sourceTree</key>
			<string>&lt;group&gt;</string>
		</dict>
		<key>4B9C7B6E16E432E200580630</key>
		<dict>
			<key>fileRef</key>
			<string>4B9C7B6C16E432E200580630</string>
			<key>isa</key>
			<string>PBXBuildFile</string>
		</dict>
		<key>4B9C7B6F16E432E200580630</key>
		<dict>
			<key>isa</key>
			<string>PBXFileReference</string>
			<key>lastKnownFileType</key>
			<string>sourcecode.c.h</string>
			<key>path</key>
			<string>TSViewController.h</string>
			<key>sourceTree</key>
			<string>&lt;group&gt;</string>
		</dict>
		<key>4B9C7B7016E432E200580630</key>
		<dict>
			<key>isa</key>
			<string>PBXFileReference</string>
			<key>lastKnownFileType</key>
			<string>sourcecode.c.objc</string>
			<key>path</key>
			<string>TSViewController.m</string>
			<key>sourceTree</key>
			<string>&lt;group&gt;</string>
		</dict>
		<key>4B9C7B7116E432E200580630</key>
		<dict>
			<key>fileRef</key>
			<string>4B9C7B7016E432E200580630</string>
			<key>isa</key>
			<string>PBXBuildFile</string>
		</dict>
		<key>4B9C7B7216E432E200580630</key>
		<dict>
			<key>buildActionMask</key>
			<string>2147483647</string>
			<key>files</key>
			<array>
				<string>4B9C7B8616E432E200580630</string>
			</array>
			<key>isa</key>
			<string>PBXSourcesBuildPhase</string>
			<key>runOnlyForDeploymentPostprocessing</key>
			<string>0</string>
		</dict>
		<key>4B9C7B7316E432E200580630</key>
		<dict>
			<key>buildActionMask</key>
			<string>2147483647</string>
			<key>files</key>
			<array>
				<string>4B9C7B7916E432E200580630</string>
				<string>4B9C7B7A16E432E200580630</string>
				<string>4B9C7B7B16E432E200580630</string>
			</array>
			<key>isa</key>
			<string>PBXFrameworksBuildPhase</string>
			<key>runOnlyForDeploymentPostprocessing</key>
			<string>0</string>
		</dict>
		<key>4B9C7B7416E432E200580630</key>
		<dict>
			<key>buildActionMask</key>
			<string>2147483647</string>
			<key>files</key>
			<array>
				<string>4B9C7B8316E432E200580630</string>
			</array>
			<key>isa</key>
			<string>PBXResourcesBuildPhase</string>
			<key>runOnlyForDeploymentPostprocessing</key>
			<string>0</string>
		</dict>
		<key>4B9C7B7516E432E200580630</key>
		<dict>
			<key>buildActionMask</key>
			<string>2147483647</string>
			<key>files</key>
			<array/>
			<key>inputPaths</key>
			<array/>
			<key>isa</key>
			<string>PBXShellScriptBuildPhase</string>
			<key>outputPaths</key>
			<array/>
			<key>runOnlyForDeploymentPostprocessing</key>
			<string>0</string>
			<key>shellPath</key>
			<string>/bin/sh</string>
			<key>shellScript</key>
			<string># Run the unit tests in this test bundle.
"${SYSTEM_DEVELOPER_DIR}/Tools/RunUnitTests"
</string>
		</dict>
		<key>4B9C7B7616E432E200580630</key>
		<dict>
			<key>buildConfigurationList</key>
			<string>4B9C7B8C16E432E200580630</string>
			<key>buildPhases</key>
			<array>
				<string>4B9C7B7216E432E200580630</string>
				<string>4B9C7B7316E432E200580630</string>
				<string>4B9C7B7416E432E200580630</string>
				<string>4B9C7B7516E432E200580630</string>
			</array>
			<key>buildRules</key>
			<array/>
			<key>dependencies</key>
			<array>
				<string>4B9C7B7D16E432E200580630</string>
			</array>
			<key>isa</key>
			<string>PBXNativeTarget</string>
			<key>name</key>
			<string>CookingCoOpTests</string>
			<key>productName</key>
			<string>CookingCoOpTests</string>
			<key>productReference</key>
			<string>4B9C7B7716E432E200580630</string>
			<key>productType</key>
			<string>com.apple.product-type.bundle</string>
		</dict>
		<key>4B9C7B7716E432E200580630</key>
		<dict>
			<key>explicitFileType</key>
			<string>wrapper.cfbundle</string>
			<key>includeInIndex</key>
			<string>0</string>
			<key>isa</key>
			<string>PBXFileReference</string>
			<key>path</key>
			<string>CookingCoOpTests.octest</string>
			<key>sourceTree</key>
			<string>BUILT_PRODUCTS_DIR</string>
		</dict>
		<key>4B9C7B7816E432E200580630</key>
		<dict>
			<key>isa</key>
			<string>PBXFileReference</string>
			<key>lastKnownFileType</key>
			<string>wrapper.framework</string>
			<key>name</key>
			<string>SenTestingKit.framework</string>
			<key>path</key>
			<string>Library/Frameworks/SenTestingKit.framework</string>
			<key>sourceTree</key>
			<string>DEVELOPER_DIR</string>
		</dict>
		<key>4B9C7B7916E432E200580630</key>
		<dict>
			<key>fileRef</key>
			<string>4B9C7B7816E432E200580630</string>
			<key>isa</key>
			<string>PBXBuildFile</string>
		</dict>
		<key>4B9C7B7A16E432E200580630</key>
		<dict>
			<key>fileRef</key>
			<string>4B9C7B5416E432E200580630</string>
			<key>isa</key>
			<string>PBXBuildFile</string>
		</dict>
		<key>4B9C7B7B16E432E200580630</key>
		<dict>
			<key>fileRef</key>
			<string>4B9C7B5616E432E200580630</string>
			<key>isa</key>
			<string>PBXBuildFile</string>
		</dict>
		<key>4B9C7B7C16E432E200580630</key>
		<dict>
			<key>containerPortal</key>
			<string>4B9C7B4916E432E200580630</string>
			<key>isa</key>
			<string>PBXContainerItemProxy</string>
			<key>proxyType</key>
			<string>1</string>
			<key>remoteGlobalIDString</key>
			<string>4B9C7B5016E432E200580630</string>
			<key>remoteInfo</key>
			<string>CookingCoOp</string>
		</dict>
		<key>4B9C7B7D16E432E200580630</key>
		<dict>
			<key>isa</key>
			<string>PBXTargetDependency</string>
			<key>target</key>
			<string>4B9C7B5016E432E200580630</string>
			<key>targetProxy</key>
			<string>4B9C7B7C16E432E200580630</string>
		</dict>
		<key>4B9C7B7E16E432E200580630</key>
		<dict>
			<key>children</key>
			<array>
				<string>4B9C7B8416E432E200580630</string>
				<string>4B9C7B8516E432E200580630</string>
				<string>4B9C7B7F16E432E200580630</string>
			</array>
			<key>isa</key>
			<string>PBXGroup</string>
			<key>path</key>
			<string>CookingCoOpTests</string>
			<key>sourceTree</key>
			<string>&lt;group&gt;</string>
		</dict>
		<key>4B9C7B7F16E432E200580630</key>
		<dict>
			<key>children</key>
			<array>
				<string>4B9C7B8016E432E200580630</string>
				<string>4B9C7B8116E432E200580630</string>
			</array>
			<key>isa</key>
			<string>PBXGroup</string>
			<key>name</key>
			<string>Supporting Files</string>
			<key>sourceTree</key>
			<string>&lt;group&gt;</string>
		</dict>
		<key>4B9C7B8016E432E200580630</key>
		<dict>
			<key>isa</key>
			<string>PBXFileReference</string>
			<key>lastKnownFileType</key>
			<string>text.plist.xml</string>
			<key>path</key>
			<string>CookingCoOpTests-Info.plist</string>
			<key>sourceTree</key>
			<string>&lt;group&gt;</string>
		</dict>
		<key>4B9C7B8116E432E200580630</key>
		<dict>
			<key>children</key>
			<array>
				<string>4B9C7B8216E432E200580630</string>
			</array>
			<key>isa</key>
			<string>PBXVariantGroup</string>
			<key>name</key>
			<string>InfoPlist.strings</string>
			<key>sourceTree</key>
			<string>&lt;group&gt;</string>
		</dict>
		<key>4B9C7B8216E432E200580630</key>
		<dict>
			<key>isa</key>
			<string>PBXFileReference</string>
			<key>lastKnownFileType</key>
			<string>text.plist.strings</string>
			<key>name</key>
			<string>en</string>
			<key>path</key>
			<string>en.lproj/InfoPlist.strings</string>
			<key>sourceTree</key>
			<string>&lt;group&gt;</string>
		</dict>
		<key>4B9C7B8316E432E200580630</key>
		<dict>
			<key>fileRef</key>
			<string>4B9C7B8116E432E200580630</string>
			<key>isa</key>
			<string>PBXBuildFile</string>
		</dict>
		<key>4B9C7B8416E432E200580630</key>
		<dict>
			<key>isa</key>
			<string>PBXFileReference</string>
			<key>lastKnownFileType</key>
			<string>sourcecode.c.h</string>
			<key>path</key>
			<string>CookingCoOpTests.h</string>
			<key>sourceTree</key>
			<string>&lt;group&gt;</string>
		</dict>
		<key>4B9C7B8516E432E200580630</key>
		<dict>
			<key>isa</key>
			<string>PBXFileReference</string>
			<key>lastKnownFileType</key>
			<string>sourcecode.c.objc</string>
			<key>path</key>
			<string>CookingCoOpTests.m</string>
			<key>sourceTree</key>
			<string>&lt;group&gt;</string>
		</dict>
		<key>4B9C7B8616E432E200580630</key>
		<dict>
			<key>fileRef</key>
			<string>4B9C7B8516E432E200580630</string>
			<key>isa</key>
			<string>PBXBuildFile</string>
		</dict>
		<key>4B9C7B8716E432E200580630</key>
		<dict>
			<key>buildSettings</key>
			<dict>
				<key>ALWAYS_SEARCH_USER_PATHS</key>
				<string>NO</string>
				<key>CLANG_CXX_LANGUAGE_STANDARD</key>
				<string>gnu++0x</string>
				<key>CLANG_CXX_LIBRARY</key>
				<string>libc++</string>
				<key>CLANG_ENABLE_OBJC_ARC</key>
				<string>YES</string>
				<key>CLANG_WARN_CONSTANT_CONVERSION</key>
				<string>YES</string>
				<key>CLANG_WARN_EMPTY_BODY</key>
				<string>YES</string>
				<key>CLANG_WARN_ENUM_CONVERSION</key>
				<string>YES</string>
				<key>CLANG_WARN_INT_CONVERSION</key>
				<string>YES</string>
				<key>CLANG_WARN__DUPLICATE_METHOD_MATCH</key>
				<string>YES</string>
				<key>CODE_SIGN_IDENTITY[sdk=iphoneos*]</key>
				<string>iPhone Developer</string>
				<key>COPY_PHASE_STRIP</key>
				<string>NO</string>
				<key>GCC_C_LANGUAGE_STANDARD</key>
				<string>gnu99</string>
				<key>GCC_DYNAMIC_NO_PIC</key>
				<string>NO</string>
				<key>GCC_OPTIMIZATION_LEVEL</key>
				<string>0</string>
				<key>GCC_PREPROCESSOR_DEFINITIONS</key>
				<array>
					<string>DEBUG=1</string>
					<string>$(inherited)</string>
				</array>
				<key>GCC_SYMBOLS_PRIVATE_EXTERN</key>
				<string>NO</string>
				<key>GCC_WARN_ABOUT_RETURN_TYPE</key>
				<string>YES</string>
				<key>GCC_WARN_UNINITIALIZED_AUTOS</key>
				<string>YES</string>
				<key>GCC_WARN_UNUSED_VARIABLE</key>
				<string>YES</string>
				<key>IPHONEOS_DEPLOYMENT_TARGET</key>
				<string>6.1</string>
				<key>ONLY_ACTIVE_ARCH</key>
				<string>YES</string>
				<key>SDKROOT</key>
				<string>iphoneos</string>
			</dict>
			<key>isa</key>
			<string>XCBuildConfiguration</string>
			<key>name</key>
			<string>Debug</string>
		</dict>
		<key>4B9C7B8816E432E200580630</key>
		<dict>
			<key>buildSettings</key>
			<dict>
				<key>ALWAYS_SEARCH_USER_PATHS</key>
				<string>NO</string>
				<key>CLANG_CXX_LANGUAGE_STANDARD</key>
				<string>gnu++0x</string>
				<key>CLANG_CXX_LIBRARY</key>
				<string>libc++</string>
				<key>CLANG_ENABLE_OBJC_ARC</key>
				<string>YES</string>
				<key>CLANG_WARN_CONSTANT_CONVERSION</key>
				<string>YES</string>
				<key>CLANG_WARN_EMPTY_BODY</key>
				<string>YES</string>
				<key>CLANG_WARN_ENUM_CONVERSION</key>
				<string>YES</string>
				<key>CLANG_WARN_INT_CONVERSION</key>
				<string>YES</string>
				<key>CLANG_WARN__DUPLICATE_METHOD_MATCH</key>
				<string>YES</string>
				<key>CODE_SIGN_IDENTITY[sdk=iphoneos*]</key>
				<string>iPhone Developer</string>
				<key>COPY_PHASE_STRIP</key>
				<string>YES</string>
				<key>GCC_C_LANGUAGE_STANDARD</key>
				<string>gnu99</string>
				<key>GCC_WARN_ABOUT_RETURN_TYPE</key>
				<string>YES</string>
				<key>GCC_WARN_UNINITIALIZED_AUTOS</key>
				<string>YES</string>
				<key>GCC_WARN_UNUSED_VARIABLE</key>
				<string>YES</string>
				<key>IPHONEOS_DEPLOYMENT_TARGET</key>
				<string>6.1</string>
				<key>OTHER_CFLAGS</key>
				<string>-DNS_BLOCK_ASSERTIONS=1</string>
				<key>SDKROOT</key>
				<string>iphoneos</string>
				<key>VALIDATE_PRODUCT</key>
				<string>YES</string>
			</dict>
			<key>isa</key>
			<string>XCBuildConfiguration</string>
			<key>name</key>
			<string>Release</string>
		</dict>
		<key>4B9C7B8916E432E200580630</key>
		<dict>
			<key>buildConfigurations</key>
			<array>
				<string>4B9C7B8A16E432E200580630</string>
				<string>4B9C7B8B16E432E200580630</string>
			</array>
			<key>defaultConfigurationIsVisible</key>
			<string>0</string>
			<key>isa</key>
			<string>XCConfigurationList</string>
		</dict>
		<key>4B9C7B8A16E432E200580630</key>
		<dict>
			<key>baseConfigurationReference</key>
			<string>D74E425A6D314C369B181BAD</string>
			<key>buildSettings</key>
			<dict>
				<key>GCC_PRECOMPILE_PREFIX_HEADER</key>
				<string>YES</string>
				<key>GCC_PREFIX_HEADER</key>
				<string>CookingCoOp/CookingCoOp-Prefix.pch</string>
				<key>INFOPLIST_FILE</key>
				<string>CookingCoOp/CookingCoOp-Info.plist</string>
				<key>PRODUCT_NAME</key>
				<string>$(TARGET_NAME)</string>
				<key>WRAPPER_EXTENSION</key>
				<string>app</string>
			</dict>
			<key>isa</key>
			<string>XCBuildConfiguration</string>
			<key>name</key>
			<string>Debug</string>
		</dict>
		<key>4B9C7B8B16E432E200580630</key>
		<dict>
			<key>baseConfigurationReference</key>
			<string>D74E425A6D314C369B181BAD</string>
			<key>buildSettings</key>
			<dict>
				<key>GCC_PRECOMPILE_PREFIX_HEADER</key>
				<string>YES</string>
				<key>GCC_PREFIX_HEADER</key>
				<string>CookingCoOp/CookingCoOp-Prefix.pch</string>
				<key>INFOPLIST_FILE</key>
				<string>CookingCoOp/CookingCoOp-Info.plist</string>
				<key>PRODUCT_NAME</key>
				<string>$(TARGET_NAME)</string>
				<key>WRAPPER_EXTENSION</key>
				<string>app</string>
			</dict>
			<key>isa</key>
			<string>XCBuildConfiguration</string>
			<key>name</key>
			<string>Release</string>
		</dict>
		<key>4B9C7B8C16E432E200580630</key>
		<dict>
			<key>buildConfigurations</key>
			<array>
				<string>4B9C7B8D16E432E200580630</string>
				<string>4B9C7B8E16E432E200580630</string>
			</array>
			<key>defaultConfigurationIsVisible</key>
			<string>0</string>
			<key>isa</key>
			<string>XCConfigurationList</string>
		</dict>
		<key>4B9C7B8D16E432E200580630</key>
		<dict>
			<key>buildSettings</key>
			<dict>
				<key>BUNDLE_LOADER</key>
				<string>$(BUILT_PRODUCTS_DIR)/CookingCoOp.app/CookingCoOp</string>
				<key>FRAMEWORK_SEARCH_PATHS</key>
				<array>
					<string>"$(SDKROOT)/Developer/Library/Frameworks"</string>
					<string>"$(DEVELOPER_LIBRARY_DIR)/Frameworks"</string>
				</array>
				<key>GCC_PRECOMPILE_PREFIX_HEADER</key>
				<string>YES</string>
				<key>GCC_PREFIX_HEADER</key>
				<string>CookingCoOp/CookingCoOp-Prefix.pch</string>
				<key>INFOPLIST_FILE</key>
				<string>CookingCoOpTests/CookingCoOpTests-Info.plist</string>
				<key>PRODUCT_NAME</key>
				<string>$(TARGET_NAME)</string>
				<key>TEST_HOST</key>
				<string>$(BUNDLE_LOADER)</string>
				<key>WRAPPER_EXTENSION</key>
				<string>octest</string>
			</dict>
			<key>isa</key>
			<string>XCBuildConfiguration</string>
			<key>name</key>
			<string>Debug</string>
		</dict>
		<key>4B9C7B8E16E432E200580630</key>
		<dict>
			<key>buildSettings</key>
			<dict>
				<key>BUNDLE_LOADER</key>
				<string>$(BUILT_PRODUCTS_DIR)/CookingCoOp.app/CookingCoOp</string>
				<key>FRAMEWORK_SEARCH_PATHS</key>
				<array>
					<string>"$(SDKROOT)/Developer/Library/Frameworks"</string>
					<string>"$(DEVELOPER_LIBRARY_DIR)/Frameworks"</string>
				</array>
				<key>GCC_PRECOMPILE_PREFIX_HEADER</key>
				<string>YES</string>
				<key>GCC_PREFIX_HEADER</key>
				<string>CookingCoOp/CookingCoOp-Prefix.pch</string>
				<key>INFOPLIST_FILE</key>
				<string>CookingCoOpTests/CookingCoOpTests-Info.plist</string>
				<key>PRODUCT_NAME</key>
				<string>$(TARGET_NAME)</string>
				<key>TEST_HOST</key>
				<string>$(BUNDLE_LOADER)</string>
				<key>WRAPPER_EXTENSION</key>
				<string>octest</string>
			</dict>
			<key>isa</key>
			<string>XCBuildConfiguration</string>
			<key>name</key>
			<string>Release</string>
		</dict>
		<key>774D5ACE0306427C84BF73DF</key>
		<dict>
			<key>buildActionMask</key>
			<string>2147483647</string>
			<key>files</key>
			<array/>
			<key>inputPaths</key>
			<array/>
			<key>isa</key>
			<string>PBXShellScriptBuildPhase</string>
			<key>name</key>
			<string>Copy Pods Resources</string>
			<key>outputPaths</key>
			<array/>
			<key>runOnlyForDeploymentPostprocessing</key>
			<string>0</string>
			<key>shellPath</key>
			<string>/bin/sh</string>
			<key>shellScript</key>
			<string>"${SRCROOT}/Pods/Pods-resources.sh"
</string>
			<key>showEnvVarsInLog</key>
			<string>1</string>
		</dict>
		<key>D74E425A6D314C369B181BAD</key>
		<dict>
			<key>includeInIndex</key>
			<string>1</string>
			<key>isa</key>
			<string>PBXFileReference</string>
			<key>lastKnownFileType</key>
			<string>text.xcconfig</string>
			<key>name</key>
			<string>Pods.xcconfig</string>
			<key>path</key>
			<string>Pods/Pods.xcconfig</string>
			<key>sourceTree</key>
			<string>SOURCE_ROOT</string>
		</dict>
		<key>E8AA7411762042C29580356A</key>
		<dict>
			<key>explicitFileType</key>
			<string>archive.ar</string>
			<key>includeInIndex</key>
			<string>0</string>
			<key>isa</key>
			<string>PBXFileReference</string>
			<key>name</key>
			<string>libPods.a</string>
			<key>path</key>
			<string>libPods.a</string>
			<key>sourceTree</key>
			<string>BUILT_PRODUCTS_DIR</string>
		</dict>
	</dict>
	<key>rootObject</key>
	<string>4B9C7B4916E432E200580630</string>
</dict>
</plist>
